
Microsoft Visual Studio Solution File, Format Version 12.00
# Visual Studio Version 17
VisualStudioVersion = 17.11.35327.3
MinimumVisualStudioVersion = 10.0.40219.1
Project("{FAE04EC0-301F-11D3-BF4B-00C04F79EFBC}") = "Lab03_01", "Lab03_01.csproj", "{323D3D6A-1D04-4149-B9A1-6F665C60A1DD}"
EndProject
Project("{FAE04EC0-301F-11D3-BF4B-00C04F79EFBC}") = "lab03_02", "..\lab03_02\lab03_02.csproj", "{2B0D9F09-0F14-48B9-8459-225A72050A0D}"
EndProject
Project("{FAE04EC0-301F-11D3-BF4B-00C04F79EFBC}") = "lab03_03", "..\lab03_03\lab03_03.csproj", "{E72A4E21-7B22-4900-B4D7-74971C6F726D}"
EndProject
Global
	GlobalSection(SolutionConfigurationPlatforms) = preSolution
		Debug|Any CPU = Debug|Any CPU
		Release|Any CPU = Release|Any CPU
	EndGlobalSection
	GlobalSection(ProjectConfigurationPlatforms) = postSolution
		{323D3D6A-1D04-4149-B9A1-6F665C60A1DD}.Debug|Any CPU.ActiveCfg = Debug|Any CPU
		{323D3D6A-1D04-4149-B9A1-6F665C60A1DD}.Debug|Any CPU.Build.0 = Debug|Any CPU
		{323D3D6A-1D04-4149-B9A1-6F665C60A1DD}.Release|Any CPU.ActiveCfg = Release|Any CPU
		{323D3D6A-1D04-4149-B9A1-6F665C60A1DD}.Release|Any CPU.Build.0 = Release|Any CPU
		{2B0D9F09-0F14-48B9-8459-225A72050A0D}.Debug|Any CPU.ActiveCfg = Debug|Any CPU
		{2B0D9F09-0F14-48B9-8459-225A72050A0D}.Debug|Any CPU.Build.0 = Debug|Any CPU
		{2B0D9F09-0F14-48B9-8459-225A72050A0D}.Release|Any CPU.ActiveCfg = Release|Any CPU
		{2B0D9F09-0F14-48B9-8459-225A72050A0D}.Release|Any CPU.Build.0 = Release|Any CPU
		{E72A4E21-7B22-4900-B4D7-74971C6F726D}.Debug|Any CPU.ActiveCfg = Debug|Any CPU
		{E72A4E21-7B22-4900-B4D7-74971C6F726D}.Debug|Any CPU.Build.0 = Debug|Any CPU
		{E72A4E21-7B22-4900-B4D7-74971C6F726D}.Release|Any CPU.ActiveCfg = Release|Any CPU
		{E72A4E21-7B22-4900-B4D7-74971C6F726D}.Release|Any CPU.Build.0 = Release|Any CPU
	EndGlobalSection
	GlobalSection(SolutionProperties) = preSolution
		HideSolutionNode = FALSE
	EndGlobalSection
	GlobalSection(ExtensibilityGlobals) = postSolution
		SolutionGuid = {DAF233C9-F364-459F-A07D-F953920B2F96}
	EndGlobalSection
EndGlobal
